github.com/simplylib/errgroup v0.0.6 h1:YOryBFznoYpVorii0xkxwRn3YSRN3cDdyJcEUOWIUro=
github.com/simplylib/errgroup v0.0.6/go.mod h1:LrhDWlpGn/xMLQfDVHbltuUulMOmpj2OLcSveOkD9Bw=
github.com/simplylib/ucheck v0.0.8 h1:2oobn9tZiM7fERuwVFlqC1Co21JJBVDt+KXLRwaTsg4=
github.com/simplylib/ucheck v0.0.8/go.mod h1:5xWlvazEjXfnqdYol94PbKMZ228ugMXHEG6PTVWOMLw=
golang.org/x/mod v0.29.0 h1:HV8lRxZC4l2cr3Zq1LvtOsi/ThTgWnUk/y64QSs8GwA=
golang.org/x/mod v0.29.0/go.mod h1:NyhrlYXJ2H4eJiRy/WDBO6HMqZQ6q9nk4JzS3NuCK+w=
