github.com/simplylib/errgroup v0.0.6 h1:YOryBFznoYpVorii0xkxwRn3YSRN3cDdyJcEUOWIUro=
github.com/simplylib/errgroup v0.0.6/go.mod h1:LrhDWlpGn/xMLQfDVHbltuUulMOmpj2OLcSveOkD9Bw=
github.com/simplylib/ucheck v0.0.8 h1:2oobn9tZiM7fERuwVFlqC1Co21JJBVDt+KXLRwaTsg4=
github.com/simplylib/ucheck v0.0.8/go.mod h1:5xWlvazEjXfnqdYol94PbKMZ228ugMXHEG6PTVWOMLw=
golang.org/x/mod v0.35.0 h1:Ww1D637e6Pg+Zb2KrWfHQUnH2dQRLBQyAtpr/haaJeM=
golang.org/x/mod v0.35.0/go.mod h1:+GwiRhIInF8wPm+4AoT6L0FA1QWAad3OMdTRx4tFYlU=
