github.com/simplylib/errgroup v0.0.6 h1:YOryBFznoYpVorii0xkxwRn3YSRN3cDdyJcEUOWIUro=
github.com/simplylib/errgroup v0.0.6/go.mod h1:LrhDWlpGn/xMLQfDVHbltuUulMOmpj2OLcSveOkD9Bw=
github.com/simplylib/multierror v0.0.2 h1:72szhIdMVOyyT7cJ9H7BgehRoWe54ELWHbSlQ/f8Z8Y=
github.com/simplylib/multierror v0.0.2/go.mod h1:na9RFlzGQKHwZjlfE0guLlmyGsdRuSSksqTeuwEVItQ=
github.com/simplylib/ucheck v0.0.5 h1:tx6Y1fSZn6lqk/873riiaebW21tV1abhWCY8pccXJ4Q=
github.com/simplylib/ucheck v0.0.5/go.mod h1:7okbfM0TgRugihoWd8pnPUlky1rl3X1LY6clohqExpw=
golang.org/x/exp v0.0.0-20230420155640-133eef4313cb h1:rhjz/8Mbfa8xROFiH+MQphmAmgqRM0bOMnytznhWEXk=
golang.org/x/exp v0.0.0-20230420155640-133eef4313cb/go.mod h1:V1LtkGg67GoY2N1AnLN78QLrzxkLyJw7RJb1gzOOz9w=
golang.org/x/mod v0.12.0 h1:rmsUpXtvNzj340zd98LZ4KntptpfRHwpFOHG188oHXc=
golang.org/x/mod v0.12.0/go.mod h1:iBbtSCu2XBx23ZKBPSOrRkjjQPZFPuis4dIYUhu/chs=
